
Microsoft Visual Studio Solution File, Format Version 12.00
# Visual Studio Version 17
VisualStudioVersion = 17.9.34902.65
MinimumVisualStudioVersion = 10.0.40219.1
Project("{FAE04EC0-301F-11D3-BF4B-00C04F79EFBC}") = "WarehousePlanner", "WarehousePlanner.csproj", "{8CBADC22-3F76-4601-80F2-56BA86430B23}"
EndProject
Global
	GlobalSection(SolutionConfigurationPlatforms) = preSolution
		Debug|Any CPU = Debug|Any CPU
		Release|Any CPU = Release|Any CPU
	EndGlobalSection
	GlobalSection(ProjectConfigurationPlatforms) = postSolution
		{8CBADC22-3F76-4601-80F2-56BA86430B23}.Debug|Any CPU.ActiveCfg = Debug|Any CPU
		{8CBADC22-3F76-4601-80F2-56BA86430B23}.Debug|Any CPU.Build.0 = Debug|Any CPU
		{8CBADC22-3F76-4601-80F2-56BA86430B23}.Release|Any CPU.ActiveCfg = Release|Any CPU
		{8CBADC22-3F76-4601-80F2-56BA86430B23}.Release|Any CPU.Build.0 = Release|Any CPU
	EndGlobalSection
	GlobalSection(SolutionProperties) = preSolution
		HideSolutionNode = FALSE
	EndGlobalSection
	GlobalSection(ExtensibilityGlobals) = postSolution
		SolutionGuid = {B70D7F8D-B9DA-4427-A0B6-B5E3CA3CA617}
	EndGlobalSection
EndGlobal
